{
  "name": "moondial",
  "version": "1.0.0",
  "lockfileVersion": 1,
  "requires": true,
  "dependencies": {
    "justified": {
      "version": "1.0.1",
      "resolved": "https://registry.npmjs.org/justified/-/justified-1.0.1.tgz",
      "integrity": "sha512-rrog6Rz3PrbqRv30nUjyZZsvgKzqwiFYa9M3vQ5QRGyb+kpH83CLnNa44OWaF7A8tboUiJ/L6ZD5QkJIexdVNw==",
      "requires": {
        "longest": "^2.0.1",
        "repeat-string": "^1.6.1",
        "word-wrap": "^1.2.3"
      }
    },
    "longest": {
      "version": "2.0.1",
      "resolved": "https://registry.npmjs.org/longest/-/longest-2.0.1.tgz",
      "integrity": "sha1-eB4YMpaqlPbU2RbcM10NF676I/g="
    },
    "repeat-string": {
      "version": "1.6.1",
      "resolved": "https://registry.npmjs.org/repeat-string/-/repeat-string-1.6.1.tgz",
      "integrity": "sha1-jcrkcOHIirwtYA//Sndihtp15jc="
    },
    "word-wrap": {
      "version": "1.2.3",
      "resolved": "https://registry.npmjs.org/word-wrap/-/word-wrap-1.2.3.tgz",
      "integrity": "sha512-Hz/mrNwitNRh/HUAtM/VT/5VH+ygD6DV7mYKZAtHOrbs8U7lvPS6xf7EJKMF0uW1KJCl0H701g3ZGus+muE5vQ=="
    }
  }
}
